version = 1
revision = 2
requires-python = ">=3.13"

[[package]]
name = "h3"
version = "4.2.2"
source = { registry = "https://pypi.org/simple" }
sdist = { url = "https://files.pythonhosted.org/packages/25/2a/dac23698122456ce12345e0a1408c23bc389eaffab5eb7689b8e080d9dfb/h3-4.2.2.tar.gz", hash = "sha256:5cc78d546b5c732f480a842e3e436c393fe37fe59b063fe9cb5589206b7c4c7e", size = 167640, upload-time = "2025-03-10T18:49:45.31Z" }
wheels = [
    { url = "https://files.pythonhosted.org/packages/4f/bb/e362d88633f309633f28d958ec0eb813166711972d4538afd337d151169e/h3-4.2.2-cp313-cp313-macosx_10_13_x86_64.whl", hash = "sha256:d70059de58956d58a92213a0b7adbc4fcf643a102911bc1ad637c99554765add", size = 891287, upload-time = "2025-03-10T18:49:20.556Z" },
    { url = "https://files.pythonhosted.org/packages/a7/99/0827284f7a8dfe4b7680d5c2143a16d49fa2d2e01a26e6af08b992d96003/h3-4.2.2-cp313-cp313-macosx_11_0_arm64.whl", hash = "sha256:a9b32da65d9ed6f97ca9ff404721c97f0faec5656e205a7601628ae402f2b282", size = 829418, upload-time = "2025-03-10T18:49:21.926Z" },
    { url = "https://files.pythonhosted.org/packages/0d/33/67ffd531b1b9b7f4b01da7f7fcad29b367909146bf3ebc290c3267c02580/h3-4.2.2-cp313-cp313-manylinux_2_17_aarch64.manylinux2014_aarch64.whl", hash = "sha256:0bea5b734343c5074c60a575cb609157f51aa1c8da5c4064491bb5c58a4dac55", size = 954805, upload-time = "2025-03-10T18:49:23.469Z" },
    { url = "https://files.pythonhosted.org/packages/0d/1b/514cfd2dffdf18259b39dc0178a10cb15257ef5365bcbb99b2c682f96c89/h3-4.2.2-cp313-cp313-manylinux_2_17_x86_64.manylinux2014_x86_64.whl", hash = "sha256:a7836e8e32c30f34fba1c26cdce8e4e7b4a9f48d18f3a2ab9edfeee995deb92a", size = 1008989, upload-time = "2025-03-10T18:49:24.585Z" },
    { url = "https://files.pythonhosted.org/packages/59/5d/db71fc5e8d82aa63717d3c12ad9e482b128f66a76f11c17f9c80701f12a8/h3-4.2.2-cp313-cp313-musllinux_1_2_x86_64.whl", hash = "sha256:652299d3bef76af65f5166bc4af0598afa6c7d93cfc13c7a645a95d8c8e5b10e", size = 1058255, upload-time = "2025-03-10T18:49:26.455Z" },
    { url = "https://files.pythonhosted.org/packages/b8/c5/6088ff388e73376fc672752059df37bf17b13b3f3b8ed55d178f2833e89c/h3-4.2.2-cp313-cp313-win_amd64.whl", hash = "sha256:dfda0f2864462f074cc22df75a50b9db010988e341a1871993675bb21954891b", size = 810071, upload-time = "2025-03-10T18:49:28.142Z" },
]

[[package]]
name = "h3-clustering"
version = "0.1.0"
source = { virtual = "." }
dependencies = [
    { name = "h3" },
    { name = "hdbscan" },
    { name = "networkx" },
    { name = "numpy" },
    { name = "python-louvain" },
    { name = "scikit-learn" },
]

[package.metadata]
requires-dist = [
    { name = "h3", specifier = ">=4.2.2" },
    { name = "hdbscan", specifier = ">=0.8.36" },
    { name = "networkx", specifier = ">=3.4.2" },
    { name = "numpy", specifier = ">=2.2.5" },
    { name = "python-louvain", specifier = ">=0.16" },
    { name = "scikit-learn", specifier = ">=1.6.1" },
]

[[package]]
name = "hdbscan"
version = "0.8.40"
source = { registry = "https://pypi.org/simple" }
dependencies = [
    { name = "joblib" },
    { name = "numpy" },
    { name = "scikit-learn" },
    { name = "scipy" },
]
sdist = { url = "https://files.pythonhosted.org/packages/c1/84/6b010387b795f774e1ec695df3c8660c15abd041783647d5e7e4076bfc6b/hdbscan-0.8.40.tar.gz", hash = "sha256:c9e383ff17beee0591075ff65d524bda5b5a35dfb01d218245a7ba30c8d48a17", size = 6904096, upload-time = "2024-11-18T16:14:05.384Z" }

[[package]]
name = "joblib"
version = "1.5.0"
source = { registry = "https://pypi.org/simple" }
sdist = { url = "https://files.pythonhosted.org/packages/30/08/8bd4a0250247861420a040b33ccf42f43c426ac91d99405374ef117e5872/joblib-1.5.0.tar.gz", hash = "sha256:d8757f955389a3dd7a23152e43bc297c2e0c2d3060056dad0feefc88a06939b5", size = 330234, upload-time = "2025-05-03T21:09:39.553Z" }
wheels = [
    { url = "https://files.pythonhosted.org/packages/da/d3/13ee227a148af1c693654932b8b0b02ed64af5e1f7406d56b088b57574cd/joblib-1.5.0-py3-none-any.whl", hash = "sha256:206144b320246485b712fc8cc51f017de58225fa8b414a1fe1764a7231aca491", size = 307682, upload-time = "2025-05-03T21:09:37.892Z" },
]

[[package]]
name = "networkx"
version = "3.4.2"
source = { registry = "https://pypi.org/simple" }
sdist = { url = "https://files.pythonhosted.org/packages/fd/1d/06475e1cd5264c0b870ea2cc6fdb3e37177c1e565c43f56ff17a10e3937f/networkx-3.4.2.tar.gz", hash = "sha256:307c3669428c5362aab27c8a1260aa8f47c4e91d3891f48be0141738d8d053e1", size = 2151368, upload-time = "2024-10-21T12:39:38.695Z" }
wheels = [
    { url = "https://files.pythonhosted.org/packages/b9/54/dd730b32ea14ea797530a4479b2ed46a6fb250f682a9cfb997e968bf0261/networkx-3.4.2-py3-none-any.whl", hash = "sha256:df5d4365b724cf81b8c6a7312509d0c22386097011ad1abe274afd5e9d3bbc5f", size = 1723263, upload-time = "2024-10-21T12:39:36.247Z" },
]

[[package]]
name = "numpy"
version = "2.2.5"
source = { registry = "https://pypi.org/simple" }
sdist = { url = "https://files.pythonhosted.org/packages/dc/b2/ce4b867d8cd9c0ee84938ae1e6a6f7926ebf928c9090d036fc3c6a04f946/numpy-2.2.5.tar.gz", hash = "sha256:a9c0d994680cd991b1cb772e8b297340085466a6fe964bc9d4e80f5e2f43c291", size = 20273920, upload-time = "2025-04-19T23:27:42.561Z" }
wheels = [
    { url = "https://files.pythonhosted.org/packages/e2/a0/0aa7f0f4509a2e07bd7a509042967c2fab635690d4f48c6c7b3afd4f448c/numpy-2.2.5-cp313-cp313-macosx_10_13_x86_64.whl", hash = "sha256:059b51b658f4414fff78c6d7b1b4e18283ab5fa56d270ff212d5ba0c561846f4", size = 20935102, upload-time = "2025-04-19T22:41:16.234Z" },
    { url = "https://files.pythonhosted.org/packages/7e/e4/a6a9f4537542912ec513185396fce52cdd45bdcf3e9d921ab02a93ca5aa9/numpy-2.2.5-cp313-cp313-macosx_11_0_arm64.whl", hash = "sha256:47f9ed103af0bc63182609044b0490747e03bd20a67e391192dde119bf43d52f", size = 14191709, upload-time = "2025-04-19T22:41:38.472Z" },
    { url = "https://files.pythonhosted.org/packages/be/65/72f3186b6050bbfe9c43cb81f9df59ae63603491d36179cf7a7c8d216758/numpy-2.2.5-cp313-cp313-macosx_14_0_arm64.whl", hash = "sha256:261a1ef047751bb02f29dfe337230b5882b54521ca121fc7f62668133cb119c9", size = 5149173, upload-time = "2025-04-19T22:41:47.823Z" },
    { url = "https://files.pythonhosted.org/packages/e5/e9/83e7a9432378dde5802651307ae5e9ea07bb72b416728202218cd4da2801/numpy-2.2.5-cp313-cp313-macosx_14_0_x86_64.whl", hash = "sha256:4520caa3807c1ceb005d125a75e715567806fed67e315cea619d5ec6e75a4191", size = 6684502, upload-time = "2025-04-19T22:41:58.689Z" },
    { url = "https://files.pythonhosted.org/packages/ea/27/b80da6c762394c8ee516b74c1f686fcd16c8f23b14de57ba0cad7349d1d2/numpy-2.2.5-cp313-cp313-manylinux_2_17_aarch64.manylinux2014_aarch64.whl", hash = "sha256:3d14b17b9be5f9c9301f43d2e2a4886a33b53f4e6fdf9ca2f4cc60aeeee76372", size = 14084417, upload-time = "2025-04-19T22:42:19.897Z" },
    { url = "https://files.pythonhosted.org/packages/aa/fc/ebfd32c3e124e6a1043e19c0ab0769818aa69050ce5589b63d05ff185526/numpy-2.2.5-cp313-cp313-manylinux_2_17_x86_64.manylinux2014_x86_64.whl", hash = "sha256:2ba321813a00e508d5421104464510cc962a6f791aa2fca1c97b1e65027da80d", size = 16133807, upload-time = "2025-04-19T22:42:44.433Z" },
    { url = "https://files.pythonhosted.org/packages/bf/9b/4cc171a0acbe4666f7775cfd21d4eb6bb1d36d3a0431f48a73e9212d2278/numpy-2.2.5-cp313-cp313-musllinux_1_2_aarch64.whl", hash = "sha256:a4cbdef3ddf777423060c6f81b5694bad2dc9675f110c4b2a60dc0181543fac7", size = 15575611, upload-time = "2025-04-19T22:43:09.928Z" },
    { url = "https://files.pythonhosted.org/packages/a3/45/40f4135341850df48f8edcf949cf47b523c404b712774f8855a64c96ef29/numpy-2.2.5-cp313-cp313-musllinux_1_2_x86_64.whl", hash = "sha256:54088a5a147ab71a8e7fdfd8c3601972751ded0739c6b696ad9cb0343e21ab73", size = 17895747, upload-time = "2025-04-19T22:43:36.983Z" },
    { url = "https://files.pythonhosted.org/packages/f8/4c/b32a17a46f0ffbde8cc82df6d3daeaf4f552e346df143e1b188a701a8f09/numpy-2.2.5-cp313-cp313-win32.whl", hash = "sha256:c8b82a55ef86a2d8e81b63da85e55f5537d2157165be1cb2ce7cfa57b6aef38b", size = 6309594, upload-time = "2025-04-19T22:47:10.523Z" },
    { url = "https://files.pythonhosted.org/packages/13/ae/72e6276feb9ef06787365b05915bfdb057d01fceb4a43cb80978e518d79b/numpy-2.2.5-cp313-cp313-win_amd64.whl", hash = "sha256:d8882a829fd779f0f43998e931c466802a77ca1ee0fe25a3abe50278616b1471", size = 12638356, upload-time = "2025-04-19T22:47:30.253Z" },
    { url = "https://files.pythonhosted.org/packages/79/56/be8b85a9f2adb688e7ded6324e20149a03541d2b3297c3ffc1a73f46dedb/numpy-2.2.5-cp313-cp313t-macosx_10_13_x86_64.whl", hash = "sha256:e8b025c351b9f0e8b5436cf28a07fa4ac0204d67b38f01433ac7f9b870fa38c6", size = 20963778, upload-time = "2025-04-19T22:44:09.251Z" },
    { url = "https://files.pythonhosted.org/packages/ff/77/19c5e62d55bff507a18c3cdff82e94fe174957bad25860a991cac719d3ab/numpy-2.2.5-cp313-cp313t-macosx_11_0_arm64.whl", hash = "sha256:8dfa94b6a4374e7851bbb6f35e6ded2120b752b063e6acdd3157e4d2bb922eba", size = 14207279, upload-time = "2025-04-19T22:44:31.383Z" },
    { url = "https://files.pythonhosted.org/packages/75/22/aa11f22dc11ff4ffe4e849d9b63bbe8d4ac6d5fae85ddaa67dfe43be3e76/numpy-2.2.5-cp313-cp313t-macosx_14_0_arm64.whl", hash = "sha256:97c8425d4e26437e65e1d189d22dff4a079b747ff9c2788057bfb8114ce1e133", size = 5199247, upload-time = "2025-04-19T22:44:40.361Z" },
    { url = "https://files.pythonhosted.org/packages/4f/6c/12d5e760fc62c08eded0394f62039f5a9857f758312bf01632a81d841459/numpy-2.2.5-cp313-cp313t-macosx_14_0_x86_64.whl", hash = "sha256:352d330048c055ea6db701130abc48a21bec690a8d38f8284e00fab256dc1376", size = 6711087, upload-time = "2025-04-19T22:44:51.188Z" },
    { url = "https://files.pythonhosted.org/packages/ef/94/ece8280cf4218b2bee5cec9567629e61e51b4be501e5c6840ceb593db945/numpy-2.2.5-cp313-cp313t-manylinux_2_17_aarch64.manylinux2014_aarch64.whl", hash = "sha256:8b4c0773b6ada798f51f0f8e30c054d32304ccc6e9c5d93d46cb26f3d385ab19", size = 14059964, upload-time = "2025-04-19T22:45:12.451Z" },
    { url = "https://files.pythonhosted.org/packages/39/41/c5377dac0514aaeec69115830a39d905b1882819c8e65d97fc60e177e19e/numpy-2.2.5-cp313-cp313t-manylinux_2_17_x86_64.manylinux2014_x86_64.whl", hash = "sha256:55f09e00d4dccd76b179c0f18a44f041e5332fd0e022886ba1c0bbf3ea4a18d0", size = 16121214, upload-time = "2025-04-19T22:45:37.734Z" },
    { url = "https://files.pythonhosted.org/packages/db/54/3b9f89a943257bc8e187145c6bc0eb8e3d615655f7b14e9b490b053e8149/numpy-2.2.5-cp313-cp313t-musllinux_1_2_aarch64.whl", hash = "sha256:02f226baeefa68f7d579e213d0f3493496397d8f1cff5e2b222af274c86a552a", size = 15575788, upload-time = "2025-04-19T22:46:01.908Z" },
    { url = "https://files.pythonhosted.org/packages/b1/c4/2e407e85df35b29f79945751b8f8e671057a13a376497d7fb2151ba0d290/numpy-2.2.5-cp313-cp313t-musllinux_1_2_x86_64.whl", hash = "sha256:c26843fd58f65da9491165072da2cccc372530681de481ef670dcc8e27cfb066", size = 17893672, upload-time = "2025-04-19T22:46:28.585Z" },
    { url = "https://files.pythonhosted.org/packages/29/7e/d0b44e129d038dba453f00d0e29ebd6eaf2f06055d72b95b9947998aca14/numpy-2.2.5-cp313-cp313t-win32.whl", hash = "sha256:1a161c2c79ab30fe4501d5a2bbfe8b162490757cf90b7f05be8b80bc02f7bb8e", size = 6377102, upload-time = "2025-04-19T22:46:39.949Z" },
    { url = "https://files.pythonhosted.org/packages/63/be/b85e4aa4bf42c6502851b971f1c326d583fcc68227385f92089cf50a7b45/numpy-2.2.5-cp313-cp313t-win_amd64.whl", hash = "sha256:d403c84991b5ad291d3809bace5e85f4bbf44a04bdc9a88ed2bb1807b3360bb8", size = 12750096, upload-time = "2025-04-19T22:47:00.147Z" },
]

[[package]]
name = "python-louvain"
version = "0.16"
source = { registry = "https://pypi.org/simple" }
dependencies = [
    { name = "networkx" },
    { name = "numpy" },
]
sdist = { url = "https://files.pythonhosted.org/packages/7c/0d/8787b021d52eb8764c0bb18ab95f720cf554902044c6a5cb1865daf45763/python-louvain-0.16.tar.gz", hash = "sha256:b7ba2df5002fd28d3ee789a49532baad11fe648e4f2117cf0798e7520a1da56b", size = 204641, upload-time = "2022-01-29T15:53:03.532Z" }

[[package]]
name = "scikit-learn"
version = "1.6.1"
source = { registry = "https://pypi.org/simple" }
dependencies = [
    { name = "joblib" },
    { name = "numpy" },
    { name = "scipy" },
    { name = "threadpoolctl" },
]
sdist = { url = "https://files.pythonhosted.org/packages/9e/a5/4ae3b3a0755f7b35a280ac90b28817d1f380318973cff14075ab41ef50d9/scikit_learn-1.6.1.tar.gz", hash = "sha256:b4fc2525eca2c69a59260f583c56a7557c6ccdf8deafdba6e060f94c1c59738e", size = 7068312, upload-time = "2025-01-10T08:07:55.348Z" }
wheels = [
    { url = "https://files.pythonhosted.org/packages/2e/59/8eb1872ca87009bdcdb7f3cdc679ad557b992c12f4b61f9250659e592c63/scikit_learn-1.6.1-cp313-cp313-macosx_10_13_x86_64.whl", hash = "sha256:2ffa1e9e25b3d93990e74a4be2c2fc61ee5af85811562f1288d5d055880c4322", size = 12010001, upload-time = "2025-01-10T08:06:58.613Z" },
    { url = "https://files.pythonhosted.org/packages/9d/05/f2fc4effc5b32e525408524c982c468c29d22f828834f0625c5ef3d601be/scikit_learn-1.6.1-cp313-cp313-macosx_12_0_arm64.whl", hash = "sha256:dc5cf3d68c5a20ad6d571584c0750ec641cc46aeef1c1507be51300e6003a7e1", size = 11096360, upload-time = "2025-01-10T08:07:01.556Z" },
    { url = "https://files.pythonhosted.org/packages/c8/e4/4195d52cf4f113573fb8ebc44ed5a81bd511a92c0228889125fac2f4c3d1/scikit_learn-1.6.1-cp313-cp313-manylinux_2_17_aarch64.manylinux2014_aarch64.whl", hash = "sha256:c06beb2e839ecc641366000ca84f3cf6fa9faa1777e29cf0c04be6e4d096a348", size = 12209004, upload-time = "2025-01-10T08:07:06.931Z" },
    { url = "https://files.pythonhosted.org/packages/94/be/47e16cdd1e7fcf97d95b3cb08bde1abb13e627861af427a3651fcb80b517/scikit_learn-1.6.1-cp313-cp313-manylinux_2_17_x86_64.manylinux2014_x86_64.whl", hash = "sha256:e8ca8cb270fee8f1f76fa9bfd5c3507d60c6438bbee5687f81042e2bb98e5a97", size = 13171776, upload-time = "2025-01-10T08:07:11.715Z" },
    { url = "https://files.pythonhosted.org/packages/34/b0/ca92b90859070a1487827dbc672f998da95ce83edce1270fc23f96f1f61a/scikit_learn-1.6.1-cp313-cp313-win_amd64.whl", hash = "sha256:7a1c43c8ec9fde528d664d947dc4c0789be4077a3647f232869f41d9bf50e0fb", size = 11071865, upload-time = "2025-01-10T08:07:16.088Z" },
    { url = "https://files.pythonhosted.org/packages/12/ae/993b0fb24a356e71e9a894e42b8a9eec528d4c70217353a1cd7a48bc25d4/scikit_learn-1.6.1-cp313-cp313t-macosx_10_13_x86_64.whl", hash = "sha256:a17c1dea1d56dcda2fac315712f3651a1fea86565b64b48fa1bc090249cbf236", size = 11955804, upload-time = "2025-01-10T08:07:20.385Z" },
    { url = "https://files.pythonhosted.org/packages/d6/54/32fa2ee591af44507eac86406fa6bba968d1eb22831494470d0a2e4a1eb1/scikit_learn-1.6.1-cp313-cp313t-macosx_12_0_arm64.whl", hash = "sha256:6a7aa5f9908f0f28f4edaa6963c0a6183f1911e63a69aa03782f0d924c830a35", size = 11100530, upload-time = "2025-01-10T08:07:23.675Z" },
    { url = "https://files.pythonhosted.org/packages/3f/58/55856da1adec655bdce77b502e94a267bf40a8c0b89f8622837f89503b5a/scikit_learn-1.6.1-cp313-cp313t-manylinux_2_17_x86_64.manylinux2014_x86_64.whl", hash = "sha256:0650e730afb87402baa88afbf31c07b84c98272622aaba002559b614600ca691", size = 12433852, upload-time = "2025-01-10T08:07:26.817Z" },
    { url = "https://files.pythonhosted.org/packages/ff/4f/c83853af13901a574f8f13b645467285a48940f185b690936bb700a50863/scikit_learn-1.6.1-cp313-cp313t-win_amd64.whl", hash = "sha256:3f59fe08dc03ea158605170eb52b22a105f238a5d512c4470ddeca71feae8e5f", size = 11337256, upload-time = "2025-01-10T08:07:31.084Z" },
]

[[package]]
name = "scipy"
version = "1.15.3"
source = { registry = "https://pypi.org/simple" }
dependencies = [
    { name = "numpy" },
]
sdist = { url = "https://files.pythonhosted.org/packages/0f/37/6964b830433e654ec7485e45a00fc9a27cf868d622838f6b6d9c5ec0d532/scipy-1.15.3.tar.gz", hash = "sha256:eae3cf522bc7df64b42cad3925c876e1b0b6c35c1337c93e12c0f366f55b0eaf", size = 59419214, upload-time = "2025-05-08T16:13:05.955Z" }
wheels = [
    { url = "https://files.pythonhosted.org/packages/73/18/ec27848c9baae6e0d6573eda6e01a602e5649ee72c27c3a8aad673ebecfd/scipy-1.15.3-cp313-cp313-macosx_10_13_x86_64.whl", hash = "sha256:2c620736bcc334782e24d173c0fdbb7590a0a436d2fdf39310a8902505008759", size = 38728256, upload-time = "2025-05-08T16:06:58.696Z" },
    { url = "https://files.pythonhosted.org/packages/74/cd/1aef2184948728b4b6e21267d53b3339762c285a46a274ebb7863c9e4742/scipy-1.15.3-cp313-cp313-macosx_12_0_arm64.whl", hash = "sha256:7e11270a000969409d37ed399585ee530b9ef6aa99d50c019de4cb01e8e54e62", size = 30109540, upload-time = "2025-05-08T16:07:04.209Z" },
    { url = "https://files.pythonhosted.org/packages/5b/d8/59e452c0a255ec352bd0a833537a3bc1bfb679944c4938ab375b0a6b3a3e/scipy-1.15.3-cp313-cp313-macosx_14_0_arm64.whl", hash = "sha256:8c9ed3ba2c8a2ce098163a9bdb26f891746d02136995df25227a20e71c396ebb", size = 22383115, upload-time = "2025-05-08T16:07:08.998Z" },
    { url = "https://files.pythonhosted.org/packages/08/f5/456f56bbbfccf696263b47095291040655e3cbaf05d063bdc7c7517f32ac/scipy-1.15.3-cp313-cp313-macosx_14_0_x86_64.whl", hash = "sha256:0bdd905264c0c9cfa74a4772cdb2070171790381a5c4d312c973382fc6eaf730", size = 25163884, upload-time = "2025-05-08T16:07:14.091Z" },
    { url = "https://files.pythonhosted.org/packages/a2/66/a9618b6a435a0f0c0b8a6d0a2efb32d4ec5a85f023c2b79d39512040355b/scipy-1.15.3-cp313-cp313-manylinux_2_17_aarch64.manylinux2014_aarch64.whl", hash = "sha256:79167bba085c31f38603e11a267d862957cbb3ce018d8b38f79ac043bc92d825", size = 35174018, upload-time = "2025-05-08T16:07:19.427Z" },
    { url = "https://files.pythonhosted.org/packages/b5/09/c5b6734a50ad4882432b6bb7c02baf757f5b2f256041da5df242e2d7e6b6/scipy-1.15.3-cp313-cp313-manylinux_2_17_x86_64.manylinux2014_x86_64.whl", hash = "sha256:c9deabd6d547aee2c9a81dee6cc96c6d7e9a9b1953f74850c179f91fdc729cb7", size = 37269716, upload-time = "2025-05-08T16:07:25.712Z" },
    { url = "https://files.pythonhosted.org/packages/77/0a/eac00ff741f23bcabd352731ed9b8995a0a60ef57f5fd788d611d43d69a1/scipy-1.15.3-cp313-cp313-musllinux_1_2_aarch64.whl", hash = "sha256:dde4fc32993071ac0c7dd2d82569e544f0bdaff66269cb475e0f369adad13f11", size = 36872342, upload-time = "2025-05-08T16:07:31.468Z" },
    { url = "https://files.pythonhosted.org/packages/fe/54/4379be86dd74b6ad81551689107360d9a3e18f24d20767a2d5b9253a3f0a/scipy-1.15.3-cp313-cp313-musllinux_1_2_x86_64.whl", hash = "sha256:f77f853d584e72e874d87357ad70f44b437331507d1c311457bed8ed2b956126", size = 39670869, upload-time = "2025-05-08T16:07:38.002Z" },
    { url = "https://files.pythonhosted.org/packages/87/2e/892ad2862ba54f084ffe8cc4a22667eaf9c2bcec6d2bff1d15713c6c0703/scipy-1.15.3-cp313-cp313-win_amd64.whl", hash = "sha256:b90ab29d0c37ec9bf55424c064312930ca5f4bde15ee8619ee44e69319aab163", size = 40988851, upload-time = "2025-05-08T16:08:33.671Z" },
    { url = "https://files.pythonhosted.org/packages/1b/e9/7a879c137f7e55b30d75d90ce3eb468197646bc7b443ac036ae3fe109055/scipy-1.15.3-cp313-cp313t-macosx_10_13_x86_64.whl", hash = "sha256:3ac07623267feb3ae308487c260ac684b32ea35fd81e12845039952f558047b8", size = 38863011, upload-time = "2025-05-08T16:07:44.039Z" },
    { url = "https://files.pythonhosted.org/packages/51/d1/226a806bbd69f62ce5ef5f3ffadc35286e9fbc802f606a07eb83bf2359de/scipy-1.15.3-cp313-cp313t-macosx_12_0_arm64.whl", hash = "sha256:6487aa99c2a3d509a5227d9a5e889ff05830a06b2ce08ec30df6d79db5fcd5c5", size = 30266407, upload-time = "2025-05-08T16:07:49.891Z" },
    { url = "https://files.pythonhosted.org/packages/e5/9b/f32d1d6093ab9eeabbd839b0f7619c62e46cc4b7b6dbf05b6e615bbd4400/scipy-1.15.3-cp313-cp313t-macosx_14_0_arm64.whl", hash = "sha256:50f9e62461c95d933d5c5ef4a1f2ebf9a2b4e83b0db374cb3f1de104d935922e", size = 22540030, upload-time = "2025-05-08T16:07:54.121Z" },
    { url = "https://files.pythonhosted.org/packages/e7/29/c278f699b095c1a884f29fda126340fcc201461ee8bfea5c8bdb1c7c958b/scipy-1.15.3-cp313-cp313t-macosx_14_0_x86_64.whl", hash = "sha256:14ed70039d182f411ffc74789a16df3835e05dc469b898233a245cdfd7f162cb", size = 25218709, upload-time = "2025-05-08T16:07:58.506Z" },
    { url = "https://files.pythonhosted.org/packages/24/18/9e5374b617aba742a990581373cd6b68a2945d65cc588482749ef2e64467/scipy-1.15.3-cp313-cp313t-manylinux_2_17_aarch64.manylinux2014_aarch64.whl", hash = "sha256:0a769105537aa07a69468a0eefcd121be52006db61cdd8cac8a0e68980bbb723", size = 34809045, upload-time = "2025-05-08T16:08:03.929Z" },
    { url = "https://files.pythonhosted.org/packages/e1/fe/9c4361e7ba2927074360856db6135ef4904d505e9b3afbbcb073c4008328/scipy-1.15.3-cp313-cp313t-manylinux_2_17_x86_64.manylinux2014_x86_64.whl", hash = "sha256:9db984639887e3dffb3928d118145ffe40eff2fa40cb241a306ec57c219ebbbb", size = 36703062, upload-time = "2025-05-08T16:08:09.558Z" },
    { url = "https://files.pythonhosted.org/packages/b7/8e/038ccfe29d272b30086b25a4960f757f97122cb2ec42e62b460d02fe98e9/scipy-1.15.3-cp313-cp313t-musllinux_1_2_aarch64.whl", hash = "sha256:40e54d5c7e7ebf1aa596c374c49fa3135f04648a0caabcb66c52884b943f02b4", size = 36393132, upload-time = "2025-05-08T16:08:15.34Z" },
    { url = "https://files.pythonhosted.org/packages/10/7e/5c12285452970be5bdbe8352c619250b97ebf7917d7a9a9e96b8a8140f17/scipy-1.15.3-cp313-cp313t-musllinux_1_2_x86_64.whl", hash = "sha256:5e721fed53187e71d0ccf382b6bf977644c533e506c4d33c3fb24de89f5c3ed5", size = 38979503, upload-time = "2025-05-08T16:08:21.513Z" },
    { url = "https://files.pythonhosted.org/packages/81/06/0a5e5349474e1cbc5757975b21bd4fad0e72ebf138c5592f191646154e06/scipy-1.15.3-cp313-cp313t-win_amd64.whl", hash = "sha256:76ad1fb5f8752eabf0fa02e4cc0336b4e8f021e2d5f061ed37d6d264db35e3ca", size = 40308097, upload-time = "2025-05-08T16:08:27.627Z" },
]

[[package]]
name = "threadpoolctl"
version = "3.6.0"
source = { registry = "https://pypi.org/simple" }
sdist = { url = "https://files.pythonhosted.org/packages/b7/4d/08c89e34946fce2aec4fbb45c9016efd5f4d7f24af8e5d93296e935631d8/threadpoolctl-3.6.0.tar.gz", hash = "sha256:8ab8b4aa3491d812b623328249fab5302a68d2d71745c8a4c719a2fcaba9f44e", size = 21274, upload-time = "2025-03-13T13:49:23.031Z" }
wheels = [
    { url = "https://files.pythonhosted.org/packages/32/d5/f9a850d79b0851d1d4ef6456097579a9005b31fea68726a4ae5f2d82ddd9/threadpoolctl-3.6.0-py3-none-any.whl", hash = "sha256:43a0b8fd5a2928500110039e43a5eed8480b918967083ea48dc3ab9f13c4a7fb", size = 18638, upload-time = "2025-03-13T13:49:21.846Z" },
]
